// !$*UTF8*$!
{
	archiveVersion = 1;
	classes = {
	};
	objectVersion = 46;
	objects = {

/* Begin PBXBuildFile section */
		F7CCDBC11BE3373B00B17494 /* AppDelegate.swift in Sources */ = {isa = PBXBuildFile; fileRef = F7CCDBC01BE3373B00B17494 /* AppDelegate.swift */; };
		F7CCDBC31BE3373B00B17494 /* ViewController.swift in Sources */ = {isa = PBXBuildFile; fileRef = F7CCDBC21BE3373B00B17494 /* ViewController.swift */; };
		F7CCDBC61BE3373B00B17494 /* Main.storyboard in Resources */ = {isa = PBXBuildFile; fileRef = F7CCDBC41BE3373B00B17494 /* Main.storyboard */; };
		F7CCDBC81BE3373B00B17494 /* Assets.xcassets in Resources */ = {isa = PBXBuildFile; fileRef = F7CCDBC71BE3373B00B17494 /* Assets.xcassets */; };
		F7CCDBCB1BE3373B00B17494 /* LaunchScreen.storyboard in Resources */ = {isa = PBXBuildFile; fileRef = F7CCDBC91BE3373B00B17494 /* LaunchScreen.storyboard */; };
/* End PBXBuildFile section */

/* Begin PBXFileReference section */
		F7CCDBBD1BE3373B00B17494 /* HelloGit.app */ = {isa = PBXFileReference; explicitFileType = wrapper.application; includeInIndex = 0; path = HelloGit.app; sourceTree = BUILT_PRODUCTS_DIR; };
		F7CCDBC01BE3373B00B17494 /* AppDelegate.swift */ = {isa = PBXFileReference; lastKnownFileType = sourcecode.swift; path = AppDelegate.swift; sourceTree = "<group>"; };
		F7CCDBC21BE3373B00B17494 /* ViewController.swift */ = {isa = PBXFileReference; lastKnownFileType = sourcecode.swift; path = ViewController.swift; sourceTree = "<group>"; };
		F7CCDBC51BE3373B00B17494 /* Base */ = {isa = PBXFileReference; lastKnownFileType = file.storyboard; name = Base; path = Base.lproj/Main.storyboard; sourceTree = "<group>"; };
		F7CCDBC71BE3373B00B17494 /* Assets.xcassets */ = {isa = PBXFileReference; lastKnownFileType = folder.assetcatalog; path = Assets.xcassets; sourceTree = "<group>"; };
		F7CCDBCA1BE3373B00B17494 /* Base */ = {isa = PBXFileReference; lastKnownFileType = file.storyboard; name = Base; path = Base.lproj/LaunchScreen.storyboard; sourceTree = "<group>"; };
		F7CCDBCC1BE3373B00B17494 /* Info.plist */ = {isa = PBXFileReference; lastKnownFileType = text.plist.xml; path = Info.plist; sourceTree = "<group>"; };
/* End PBXFileReference section */

/* Begin PBXFrameworksBuildPhase section */
		F7CCDBBA1BE3373B00B17494 /* Frameworks */ = {
			isa = PBXFrameworksBuildPhase;
			buildActionMask = 2147483647;
			files = (
			);
			runOnlyForDeploymentPostprocessing = 0;
		};
/* End PBXFrameworksBuildPhase section */

/* Begin PBXGroup section */
		F7CCDBB41BE3373B00B17494 = {
			isa = PBXGroup;
			children = (
				F7CCDBBF1BE3373B00B17494 /* HelloGit */,
				F7CCDBBE1BE3373B00B17494 /* Products */,
			);
			sourceTree = "<group>";
		};
		F7CCDBBE1BE3373B00B17494 /* Products */ = {
			isa = PBXGroup;
			children = (
				F7CCDBBD1BE3373B00B17494 /* HelloGit.app */,
			);
			name = Products;
			sourceTree = "<group>";
		};
		F7CCDBBF1BE3373B00B17494 /* HelloGit */ = {
			isa = PBXGroup;
			children = (
				F7CCDBC01BE3373B00B17494 /* AppDelegate.swift */,
				F7CCDBC21BE3373B00B17494 /* ViewController.swift */,
				F7CCDBC41BE3373B00B17494 /* Main.storyboard */,
				F7CCDBC71BE3373B00B17494 /* Assets.xcassets */,
				F7CCDBC91BE3373B00B17494 /* LaunchScreen.storyboard */,
				F7CCDBCC1BE3373B00B17494 /* Info.plist */,
			);
			path = HelloGit;
			sourceTree = "<group>";
		};
/* End PBXGroup section */

/* Begin PBXNativeTarget section */
		F7CCDBBC1BE3373B00B17494 /* HelloGit */ = {
			isa = PBXNativeTarget;
			buildConfigurationList = F7CCDBCF1BE3373B00B17494 /* Build configuration list for PBXNativeTarget "HelloGit" */;
			buildPhases = (
				F7CCDBB91BE3373B00B17494 /* Sources */,
				F7CCDBBA1BE3373B00B17494 /* Frameworks */,
				F7CCDBBB1BE3373B00B17494 /* Resources */,
			);
			buildRules = (
			);
			dependencies = (
			);
			name = HelloGit;
			productName = HelloGit;
			productReference = F7CCDBBD1BE3373B00B17494 /* HelloGit.app */;
			productType = "com.apple.product-type.application";
		};
/* End PBXNativeTarget section */

/* Begin PBXProject section */
		F7CCDBB51BE3373B00B17494 /* Project object */ = {
			isa = PBXProject;
			attributes = {
				LastSwiftUpdateCheck = 0710;
				LastUpgradeCheck = 0710;
				ORGANIZATIONNAME = Frank;
				TargetAttributes = {
					F7CCDBBC1BE3373B00B17494 = {
						CreatedOnToolsVersion = 7.1;
					};
				};
			};
			buildConfigurationList = F7CCDBB81BE3373B00B17494 /* Build configuration list for PBXProject "HelloGit" */;
			compatibilityVersion = "Xcode 3.2";
			developmentRegion = English;
			hasScannedForEncodings = 0;
			knownRegions = (
				en,
				Base,
			);
			mainGroup = F7CCDBB41BE3373B00B17494;
			productRefGroup = F7CCDBBE1BE3373B00B17494 /* Products */;
			projectDirPath = "";
			projectRoot = "";
			targets = (
				F7CCDBBC1BE3373B00B17494 /* HelloGit */,
			);
		};
/* End PBXProject section */

/* Begin PBXResourcesBuildPhase section */
		F7CCDBBB1BE3373B00B17494 /* Resources */ = {
			isa = PBXResourcesBuildPhase;
			buildActionMask = 2147483647;
			files = (
				F7CCDBCB1BE3373B00B17494 /* LaunchScreen.storyboard in Resources */,
				F7CCDBC81BE3373B00B17494 /* Assets.xcassets in Resources */,
				F7CCDBC61BE3373B00B17494 /* Main.storyboard in Resources */,
			);
			runOnlyForDeploymentPostprocessing = 0;
		};
/* End PBXResourcesBuildPhase section */

/* Begin PBXSourcesBuildPhase section */
		F7CCDBB91BE3373B00B17494 /* Sources */ = {
			isa = PBXSourcesBuildPhase;
			buildActionMask = 2147483647;
			files = (
				F7CCDBC31BE3373B00B17494 /* ViewController.swift in Sources */,
				F7CCDBC11BE3373B00B17494 /* AppDelegate.swift in Sources */,
			);
			runOnlyForDeploymentPostprocessing = 0;
		};
/* End PBXSourcesBuildPhase section */

/* Begin PBXVariantGroup section */
		F7CCDBC41BE3373B00B17494 /* Main.storyboard */ = {
			isa = PBXVariantGroup;
			children = (
				F7CCDBC51BE3373B00B17494 /* Base */,
			);
			name = Main.storyboard;
			sourceTree = "<group>";
		};
		F7CCDBC91BE3373B00B17494 /* LaunchScreen.storyboard */ = {
			isa = PBXVariantGroup;
			children = (
				F7CCDBCA1BE3373B00B17494 /* Base */,
			);
			name = LaunchScreen.storyboard;
			sourceTree = "<group>";
		};
/* End PBXVariantGroup section */

/* Begin XCBuildConfiguration section */
		F7CCDBCD1BE3373B00B17494 /* Debug */ = {
			isa = XCBuildConfiguration;
			buildSettings = {
				ALWAYS_SEARCH_USER_PATHS = NO;
				CLANG_CXX_LANGUAGE_STANDARD = "gnu++0x";
				CLANG_CXX_LIBRARY = "libc++";
				CLANG_ENABLE_MODULES = YES;
				CLANG_ENABLE_OBJC_ARC = YES;
				CLANG_WARN_BOOL_CONVERSION = YES;
				CLANG_WARN_CONSTANT_CONVERSION = YES;
				CLANG_WARN_DIRECT_OBJC_ISA_USAGE = YES_ERROR;
				CLANG_WARN_EMPTY_BODY = YES;
				CLANG_WARN_ENUM_CONVERSION = YES;
				CLANG_WARN_INT_CONVERSION = YES;
				CLANG_WARN_OBJC_ROOT_CLASS = YES_ERROR;
				CLANG_WARN_UNREACHABLE_CODE = YES;
				CLANG_WARN__DUPLICATE_METHOD_MATCH = YES;
				"CODE_SIGN_IDENTITY[sdk=iphoneos*]" = "iPhone Developer";
				COPY_PHASE_STRIP = NO;
				DEBUG_INFORMATION_FORMAT = dwarf;
				ENABLE_STRICT_OBJC_MSGSEND = YES;
				ENABLE_TESTABILITY = YES;
				GCC_C_LANGUAGE_STANDARD = gnu99;
				GCC_DYNAMIC_NO_PIC = NO;
				GCC_NO_COMMON_BLOCKS = YES;
				GCC_OPTIMIZATION_LEVEL = 0;
				GCC_PREPROCESSOR_DEFINITIONS = (
					"DEBUG=1",
					"$(inherited)",
				);
				GCC_WARN_64_TO_32_BIT_CONVERSION = YES;
				GCC_WARN_ABOUT_RETURN_TYPE = YES_ERROR;
				GCC_WARN_UNDECLARED_SELECTOR = YES;
				GCC_WARN_UNINITIALIZED_AUTOS = YES_AGGRESSIVE;
				GCC_WARN_UNUSED_FUNCTION = YES;
				GCC_WARN_UNUSED_VARIABLE = YES;
				IPHONEOS_DEPLOYMENT_TARGET = 9.1;
				MTL_ENABLE_DEBUG_INFO = YES;
				ONLY_ACTIVE_ARCH = YES;
				SDKROOT = iphoneos;
				SWIFT_OPTIMIZATION_LEVEL = "-Onone";
			};
			name = Debug;
		};
		F7CCDBCE1BE3373B00B17494 /* Release */ = {
			isa = XCBuildConfiguration;
			buildSettings = {
				ALWAYS_SEARCH_USER_PATHS = NO;
				CLANG_CXX_LANGUAGE_STANDARD = "gnu++0x";
				CLANG_CXX_LIBRARY = "libc++";
				CLANG_ENABLE_MODULES = YES;
				CLANG_ENABLE_OBJC_ARC = YES;
				CLANG_WARN_BOOL_CONVERSION = YES;
				CLANG_WARN_CONSTANT_CONVERSION = YES;
				CLANG_WARN_DIRECT_OBJC_ISA_USAGE = YES_ERROR;
				CLANG_WARN_EMPTY_BODY = YES;
				CLANG_WARN_ENUM_CONVERSION = YES;
				CLANG_WARN_INT_CONVERSION = YES;
				CLANG_WARN_OBJC_ROOT_CLASS = YES_ERROR;
				CLANG_WARN_UNREACHABLE_CODE = YES;
				CLANG_WARN__DUPLICATE_METHOD_MATCH = YES;
				"CODE_SIGN_IDENTITY[sdk=iphoneos*]" = "iPhone Developer";
				COPY_PHASE_STRIP = NO;
				DEBUG_INFORMATION_FORMAT = "dwarf-with-dsym";
				ENABLE_NS_ASSERTIONS = NO;
				ENABLE_STRICT_OBJC_MSGSEND = YES;
				GCC_C_LANGUAGE_STANDARD = gnu99;
				GCC_NO_COMMON_BLOCKS = YES;
				GCC_WARN_64_TO_32_BIT_CONVERSION = YES;
				GCC_WARN_ABOUT_RETURN_TYPE = YES_ERROR;
				GCC_WARN_UNDECLARED_SELECTOR = YES;
				GCC_WARN_UNINITIALIZED_AUTOS = YES_AGGRESSIVE;
				GCC_WARN_UNUSED_FUNCTION = YES;
				GCC_WARN_UNUSED_VARIABLE = YES;
				IPHONEOS_DEPLOYMENT_TARGET = 9.1;
				MTL_ENABLE_DEBUG_INFO = NO;
				SDKROOT = iphoneos;
				VALIDATE_PRODUCT = YES;
			};
			name = Release;
		};
		F7CCDBD01BE3373B00B17494 /* Debug */ = {
			isa = XCBuildConfiguration;
			buildSettings = {
				ASSETCATALOG_COMPILER_APPICON_NAME = AppIcon;
				INFOPLIST_FILE = HelloGit/Info.plist;
				LD_RUNPATH_SEARCH_PATHS = "$(inherited) @executable_path/Frameworks";
				PRODUCT_BUNDLE_IDENTIFIER = com.test.HelloGit;
				PRODUCT_NAME = "$(TARGET_NAME)";
			};
			name = Debug;
		};
		F7CCDBD11BE3373B00B17494 /* Release */ = {
			isa = XCBuildConfiguration;
			buildSettings = {
				ASSETCATALOG_COMPILER_APPICON_NAME = AppIcon;
				INFOPLIST_FILE = HelloGit/Info.plist;
				LD_RUNPATH_SEARCH_PATHS = "$(inherited) @executable_path/Frameworks";
				PRODUCT_BUNDLE_IDENTIFIER = com.test.HelloGit;
				PRODUCT_NAME = "$(TARGET_NAME)";
			};
			name = Release;
		};
/* End XCBuildConfiguration section */

/* Begin XCConfigurationList section */
		F7CCDBB81BE3373B00B17494 /* Build configuration list for PBXProject "HelloGit" */ = {
			isa = XCConfigurationList;
			buildConfigurations = (
				F7CCDBCD1BE3373B00B17494 /* Debug */,
				F7CCDBCE1BE3373B00B17494 /* Release */,
			);
			defaultConfigurationIsVisible = 0;
			defaultConfigurationName = Release;
		};
		F7CCDBCF1BE3373B00B17494 /* Build configuration list for PBXNativeTarget "HelloGit" */ = {
			isa = XCConfigurationList;
			buildConfigurations = (
				F7CCDBD01BE3373B00B17494 /* Debug */,
				F7CCDBD11BE3373B00B17494 /* Release */,
			);
			defaultConfigurationIsVisible = 0;
		};
/* End XCConfigurationList section */
	};
	rootObject = F7CCDBB51BE3373B00B17494 /* Project object */;
}
